
Microsoft Visual Studio Solution File, Format Version 12.00
# Visual Studio Version 16
VisualStudioVersion = 16.0.29215.179
MinimumVisualStudioVersion = 10.0.40219.1
Project("{FAE04EC0-301F-11D3-BF4B-00C04F79EFBC}") = "Web_Mvc ve Bootstrap", "Web_Mvc ve Bootstrap\Web_Mvc ve Bootstrap.csproj", "{FF45372A-E364-4F2B-ACFF-89CCA85310BB}"
EndProject
Global
	GlobalSection(SolutionConfigurationPlatforms) = preSolution
		Debug|Any CPU = Debug|Any CPU
		Release|Any CPU = Release|Any CPU
	EndGlobalSection
	GlobalSection(ProjectConfigurationPlatforms) = postSolution
		{FF45372A-E364-4F2B-ACFF-89CCA85310BB}.Debug|Any CPU.ActiveCfg = Debug|Any CPU
		{FF45372A-E364-4F2B-ACFF-89CCA85310BB}.Debug|Any CPU.Build.0 = Debug|Any CPU
		{FF45372A-E364-4F2B-ACFF-89CCA85310BB}.Release|Any CPU.ActiveCfg = Release|Any CPU
		{FF45372A-E364-4F2B-ACFF-89CCA85310BB}.Release|Any CPU.Build.0 = Release|Any CPU
	EndGlobalSection
	GlobalSection(SolutionProperties) = preSolution
		HideSolutionNode = FALSE
	EndGlobalSection
	GlobalSection(ExtensibilityGlobals) = postSolution
		SolutionGuid = {8BC38A91-B80C-4239-9182-826FA16F7C23}
	EndGlobalSection
EndGlobal
