
Microsoft Visual Studio Solution File, Format Version 12.00
# Visual Studio Version 16
VisualStudioVersion = 16.0.29215.179
MinimumVisualStudioVersion = 10.0.40219.1
Project("{FAE04EC0-301F-11D3-BF4B-00C04F79EFBC}") = "MvcProje", "MvcProje\MvcProje.csproj", "{B885A3D2-BB2C-4340-B967-74D716282694}"
EndProject
Global
	GlobalSection(SolutionConfigurationPlatforms) = preSolution
		Debug|Any CPU = Debug|Any CPU
		Release|Any CPU = Release|Any CPU
	EndGlobalSection
	GlobalSection(ProjectConfigurationPlatforms) = postSolution
		{B885A3D2-BB2C-4340-B967-74D716282694}.Debug|Any CPU.ActiveCfg = Debug|Any CPU
		{B885A3D2-BB2C-4340-B967-74D716282694}.Debug|Any CPU.Build.0 = Debug|Any CPU
		{B885A3D2-BB2C-4340-B967-74D716282694}.Release|Any CPU.ActiveCfg = Release|Any CPU
		{B885A3D2-BB2C-4340-B967-74D716282694}.Release|Any CPU.Build.0 = Release|Any CPU
	EndGlobalSection
	GlobalSection(SolutionProperties) = preSolution
		HideSolutionNode = FALSE
	EndGlobalSection
	GlobalSection(ExtensibilityGlobals) = postSolution
		SolutionGuid = {C3A35C6B-DB86-4FE4-8AB0-9CFD2C8D3451}
	EndGlobalSection
EndGlobal
